PODS:
  - Alamofire (4.0.1)
  - MLVerticalProgressView (0.1.0)
  - Stripe (9.0.0)
  - SwiftGifOrigin (1.5.3)
  - SwiftyJSON (3.1.1)

DEPENDENCIES:
  - Alamofire (from `https://github.com/Alamofire/Alamofire.git`, branch `master`)
  - MLVerticalProgressView
  - Stripe
  - SwiftGifOrigin
  - SwiftyJSON

EXTERNAL SOURCES:
  Alamofire:
    :branch: master
    :git: https://github.com/Alamofire/Alamofire.git

CHECKOUT OPTIONS:
  Alamofire:
    :commit: b98fe26cb86c1c1227185d30b87bd57cb45fbe3c
    :git: https://github.com/Alamofire/Alamofire.git

SPEC CHECKSUMS:
  Alamofire: 7682d43245de14874acd142ec137b144aa1dd335
  MLVerticalProgressView: 1524a25eec9cda5860f94ba281c6d42ecee90880
  Stripe: 935c6deb5e96cbd29d247074bf3aa98a8438e22c
  SwiftGifOrigin: 893ebcceabe215a00b607328b5322b4e228347e5
  SwiftyJSON: f0be2e604f83e8405a624e9f891898bf6ed4e019

PODFILE CHECKSUM: aa7e5edb92d81fe4111fe31b620d68e5fbcd5f8f

COCOAPODS: 1.0.1
