PODS:
  - Alamofire (4.0.1)
  - Stripe (9.0.0)

DEPENDENCIES:
  - Alamofire (from `https://github.com/Alamofire/Alamofire.git`, branch `master`)
  - Stripe

EXTERNAL SOURCES:
  Alamofire:
    :branch: master
    :git: https://github.com/Alamofire/Alamofire.git

CHECKOUT OPTIONS:
  Alamofire:
    :commit: b98fe26cb86c1c1227185d30b87bd57cb45fbe3c
    :git: https://github.com/Alamofire/Alamofire.git

SPEC CHECKSUMS:
  Alamofire: 7682d43245de14874acd142ec137b144aa1dd335
  Stripe: 935c6deb5e96cbd29d247074bf3aa98a8438e22c

PODFILE CHECKSUM: c45c1bbb2018fbc5af660cc8779a656de74645dc

COCOAPODS: 1.0.1
